
Microsoft Visual Studio Solution File, Format Version 12.00
# Visual Studio Version 16
VisualStudioVersion = 16.0.31019.35
MinimumVisualStudioVersion = 10.0.40219.1
Project("{FAE04EC0-301F-11D3-BF4B-00C04F79EFBC}") = "ps1", "ps1\ps1.csproj", "{D055D883-80B2-4035-8743-CA6B3DEFA036}"
EndProject
Global
	GlobalSection(SolutionConfigurationPlatforms) = preSolution
		Debug|Any CPU = Debug|Any CPU
		Release|Any CPU = Release|Any CPU
	EndGlobalSection
	GlobalSection(ProjectConfigurationPlatforms) = postSolution
		{D055D883-80B2-4035-8743-CA6B3DEFA036}.Debug|Any CPU.ActiveCfg = Debug|Any CPU
		{D055D883-80B2-4035-8743-CA6B3DEFA036}.Debug|Any CPU.Build.0 = Debug|Any CPU
		{D055D883-80B2-4035-8743-CA6B3DEFA036}.Release|Any CPU.ActiveCfg = Release|Any CPU
		{D055D883-80B2-4035-8743-CA6B3DEFA036}.Release|Any CPU.Build.0 = Release|Any CPU
	EndGlobalSection
	GlobalSection(SolutionProperties) = preSolution
		HideSolutionNode = FALSE
	EndGlobalSection
	GlobalSection(ExtensibilityGlobals) = postSolution
		SolutionGuid = {44AF556A-F8BA-42BA-A491-09F89F6213CC}
	EndGlobalSection
EndGlobal
